
Microsoft Visual Studio Solution File, Format Version 12.00
# Visual Studio Version 17
VisualStudioVersion = 17.13.35806.99 d17.13
MinimumVisualStudioVersion = 10.0.40219.1
Project("{8BC9CEB8-8B4A-11D0-8D11-00A0C91BC942}") = "20251126_suica_sample", "20251126_suica_sample.vcxproj", "{B3C410C5-EBD0-4E77-943B-0577AE802C4F}"
EndProject
Global
	GlobalSection(SolutionConfigurationPlatforms) = preSolution
		Debug|x64 = Debug|x64
		Release|x64 = Release|x64
	EndGlobalSection
	GlobalSection(ProjectConfigurationPlatforms) = postSolution
		{B3C410C5-EBD0-4E77-943B-0577AE802C4F}.Debug|x64.ActiveCfg = Debug|x64
		{B3C410C5-EBD0-4E77-943B-0577AE802C4F}.Debug|x64.Build.0 = Debug|x64
		{B3C410C5-EBD0-4E77-943B-0577AE802C4F}.Release|x64.ActiveCfg = Release|x64
		{B3C410C5-EBD0-4E77-943B-0577AE802C4F}.Release|x64.Build.0 = Release|x64
	EndGlobalSection
	GlobalSection(SolutionProperties) = preSolution
		HideSolutionNode = FALSE
	EndGlobalSection
	GlobalSection(ExtensibilityGlobals) = postSolution
		SolutionGuid = {47E70CB2-A40C-4EC4-9F98-5BCC187D2E03}
	EndGlobalSection
EndGlobal
